
Microsoft Visual Studio Solution File, Format Version 12.00
# Visual Studio Version 16
VisualStudioVersion = 16.0.30804.86
MinimumVisualStudioVersion = 15.0.26124.0
Project("{2150E333-8FDC-42A3-9474-1A3956D46DE8}") = "01-Presentation", "01-Presentation", "{F3CF8856-0240-43A8-9B2E-1D4E3BDC26EA}"
EndProject
Project("{2150E333-8FDC-42A3-9474-1A3956D46DE8}") = "02-Application", "02-Application", "{C242D802-3EF0-456E-9E8E-ACDE5C662905}"
EndProject
Project("{2150E333-8FDC-42A3-9474-1A3956D46DE8}") = "03-Domain", "03-Domain", "{F709FA06-511E-4706-8191-196802BA93D0}"
EndProject
Project("{2150E333-8FDC-42A3-9474-1A3956D46DE8}") = "04-Infrastructure", "04-Infrastructure", "{10725560-AE2E-45BB-A66C-8AA71C154C73}"
EndProject
Project("{FAE04EC0-301F-11D3-BF4B-00C04F79EFBC}") = "JobManager.WebApi", "JobManager.WebApi\JobManager.WebApi.csproj", "{20AA52E2-B405-442F-A10B-BC848319D3E8}"
EndProject
Project("{FAE04EC0-301F-11D3-BF4B-00C04F79EFBC}") = "JobManager.Application", "JobManager.Application\JobManager.Application.csproj", "{646C3272-ED34-4AAF-BB85-8BA65E357C97}"
EndProject
Project("{FAE04EC0-301F-11D3-BF4B-00C04F79EFBC}") = "JobManager.Domain", "JobManager.Domain\JobManager.Domain.csproj", "{99F5E7EF-3EE9-49D2-852A-9A96180820C8}"
EndProject
Project("{FAE04EC0-301F-11D3-BF4B-00C04F79EFBC}") = "JobManager.Infrastructure", "JobManager.Infrastructure\JobManager.Infrastructure.csproj", "{E571CF81-D6B7-4F64-87D3-2AB909C5A7EB}"
EndProject
Project("{2150E333-8FDC-42A3-9474-1A3956D46DE8}") = "Application.Tests", "Application.Tests", "{ABC56CA2-37AA-4E59-BBE6-377EBC9B3C96}"
EndProject
Project("{FAE04EC0-301F-11D3-BF4B-00C04F79EFBC}") = "JobManager.Application.Tests", "JobManager.Application.Tests\JobManager.Application.Tests.csproj", "{D901C4EB-533B-4807-8346-C7A7AA46718F}"
EndProject
Project("{2150E333-8FDC-42A3-9474-1A3956D46DE8}") = "Domain.Tests", "Domain.Tests", "{8502F25C-7871-420C-A428-736CD9BBE615}"
EndProject
Project("{FAE04EC0-301F-11D3-BF4B-00C04F79EFBC}") = "JobManager.Domain.Tests", "JobManager.Domain.Tests\JobManager.Domain.Tests.csproj", "{61566F9E-EEF9-490A-B7C0-30C4B0043E66}"
EndProject
Global
	GlobalSection(SolutionConfigurationPlatforms) = preSolution
		Debug|Any CPU = Debug|Any CPU
		Debug|x64 = Debug|x64
		Debug|x86 = Debug|x86
		Release|Any CPU = Release|Any CPU
		Release|x64 = Release|x64
		Release|x86 = Release|x86
	EndGlobalSection
	GlobalSection(ProjectConfigurationPlatforms) = postSolution
		{20AA52E2-B405-442F-A10B-BC848319D3E8}.Debug|Any CPU.ActiveCfg = Debug|Any CPU
		{20AA52E2-B405-442F-A10B-BC848319D3E8}.Debug|Any CPU.Build.0 = Debug|Any CPU
		{20AA52E2-B405-442F-A10B-BC848319D3E8}.Debug|x64.ActiveCfg = Debug|Any CPU
		{20AA52E2-B405-442F-A10B-BC848319D3E8}.Debug|x64.Build.0 = Debug|Any CPU
		{20AA52E2-B405-442F-A10B-BC848319D3E8}.Debug|x86.ActiveCfg = Debug|Any CPU
		{20AA52E2-B405-442F-A10B-BC848319D3E8}.Debug|x86.Build.0 = Debug|Any CPU
		{20AA52E2-B405-442F-A10B-BC848319D3E8}.Release|Any CPU.ActiveCfg = Release|Any CPU
		{20AA52E2-B405-442F-A10B-BC848319D3E8}.Release|Any CPU.Build.0 = Release|Any CPU
		{20AA52E2-B405-442F-A10B-BC848319D3E8}.Release|x64.ActiveCfg = Release|Any CPU
		{20AA52E2-B405-442F-A10B-BC848319D3E8}.Release|x64.Build.0 = Release|Any CPU
		{20AA52E2-B405-442F-A10B-BC848319D3E8}.Release|x86.ActiveCfg = Release|Any CPU
		{20AA52E2-B405-442F-A10B-BC848319D3E8}.Release|x86.Build.0 = Release|Any CPU
		{646C3272-ED34-4AAF-BB85-8BA65E357C97}.Debug|Any CPU.ActiveCfg = Debug|Any CPU
		{646C3272-ED34-4AAF-BB85-8BA65E357C97}.Debug|Any CPU.Build.0 = Debug|Any CPU
		{646C3272-ED34-4AAF-BB85-8BA65E357C97}.Debug|x64.ActiveCfg = Debug|Any CPU
		{646C3272-ED34-4AAF-BB85-8BA65E357C97}.Debug|x64.Build.0 = Debug|Any CPU
		{646C3272-ED34-4AAF-BB85-8BA65E357C97}.Debug|x86.ActiveCfg = Debug|Any CPU
		{646C3272-ED34-4AAF-BB85-8BA65E357C97}.Debug|x86.Build.0 = Debug|Any CPU
		{646C3272-ED34-4AAF-BB85-8BA65E357C97}.Release|Any CPU.ActiveCfg = Release|Any CPU
		{646C3272-ED34-4AAF-BB85-8BA65E357C97}.Release|Any CPU.Build.0 = Release|Any CPU
		{646C3272-ED34-4AAF-BB85-8BA65E357C97}.Release|x64.ActiveCfg = Release|Any CPU
		{646C3272-ED34-4AAF-BB85-8BA65E357C97}.Release|x64.Build.0 = Release|Any CPU
		{646C3272-ED34-4AAF-BB85-8BA65E357C97}.Release|x86.ActiveCfg = Release|Any CPU
		{646C3272-ED34-4AAF-BB85-8BA65E357C97}.Release|x86.Build.0 = Release|Any CPU
		{99F5E7EF-3EE9-49D2-852A-9A96180820C8}.Debug|Any CPU.ActiveCfg = Debug|Any CPU
		{99F5E7EF-3EE9-49D2-852A-9A96180820C8}.Debug|Any CPU.Build.0 = Debug|Any CPU
		{99F5E7EF-3EE9-49D2-852A-9A96180820C8}.Debug|x64.ActiveCfg = Debug|Any CPU
		{99F5E7EF-3EE9-49D2-852A-9A96180820C8}.Debug|x64.Build.0 = Debug|Any CPU
		{99F5E7EF-3EE9-49D2-852A-9A96180820C8}.Debug|x86.ActiveCfg = Debug|Any CPU
		{99F5E7EF-3EE9-49D2-852A-9A96180820C8}.Debug|x86.Build.0 = Debug|Any CPU
		{99F5E7EF-3EE9-49D2-852A-9A96180820C8}.Release|Any CPU.ActiveCfg = Release|Any CPU
		{99F5E7EF-3EE9-49D2-852A-9A96180820C8}.Release|Any CPU.Build.0 = Release|Any CPU
		{99F5E7EF-3EE9-49D2-852A-9A96180820C8}.Release|x64.ActiveCfg = Release|Any CPU
		{99F5E7EF-3EE9-49D2-852A-9A96180820C8}.Release|x64.Build.0 = Release|Any CPU
		{99F5E7EF-3EE9-49D2-852A-9A96180820C8}.Release|x86.ActiveCfg = Release|Any CPU
		{99F5E7EF-3EE9-49D2-852A-9A96180820C8}.Release|x86.Build.0 = Release|Any CPU
		{E571CF81-D6B7-4F64-87D3-2AB909C5A7EB}.Debug|Any CPU.ActiveCfg = Debug|Any CPU
		{E571CF81-D6B7-4F64-87D3-2AB909C5A7EB}.Debug|Any CPU.Build.0 = Debug|Any CPU
		{E571CF81-D6B7-4F64-87D3-2AB909C5A7EB}.Debug|x64.ActiveCfg = Debug|Any CPU
		{E571CF81-D6B7-4F64-87D3-2AB909C5A7EB}.Debug|x64.Build.0 = Debug|Any CPU
		{E571CF81-D6B7-4F64-87D3-2AB909C5A7EB}.Debug|x86.ActiveCfg = Debug|Any CPU
		{E571CF81-D6B7-4F64-87D3-2AB909C5A7EB}.Debug|x86.Build.0 = Debug|Any CPU
		{E571CF81-D6B7-4F64-87D3-2AB909C5A7EB}.Release|Any CPU.ActiveCfg = Release|Any CPU
		{E571CF81-D6B7-4F64-87D3-2AB909C5A7EB}.Release|Any CPU.Build.0 = Release|Any CPU
		{E571CF81-D6B7-4F64-87D3-2AB909C5A7EB}.Release|x64.ActiveCfg = Release|Any CPU
		{E571CF81-D6B7-4F64-87D3-2AB909C5A7EB}.Release|x64.Build.0 = Release|Any CPU
		{E571CF81-D6B7-4F64-87D3-2AB909C5A7EB}.Release|x86.ActiveCfg = Release|Any CPU
		{E571CF81-D6B7-4F64-87D3-2AB909C5A7EB}.Release|x86.Build.0 = Release|Any CPU
		{D901C4EB-533B-4807-8346-C7A7AA46718F}.Debug|Any CPU.ActiveCfg = Debug|Any CPU
		{D901C4EB-533B-4807-8346-C7A7AA46718F}.Debug|Any CPU.Build.0 = Debug|Any CPU
		{D901C4EB-533B-4807-8346-C7A7AA46718F}.Debug|x64.ActiveCfg = Debug|Any CPU
		{D901C4EB-533B-4807-8346-C7A7AA46718F}.Debug|x64.Build.0 = Debug|Any CPU
		{D901C4EB-533B-4807-8346-C7A7AA46718F}.Debug|x86.ActiveCfg = Debug|Any CPU
		{D901C4EB-533B-4807-8346-C7A7AA46718F}.Debug|x86.Build.0 = Debug|Any CPU
		{D901C4EB-533B-4807-8346-C7A7AA46718F}.Release|Any CPU.ActiveCfg = Release|Any CPU
		{D901C4EB-533B-4807-8346-C7A7AA46718F}.Release|Any CPU.Build.0 = Release|Any CPU
		{D901C4EB-533B-4807-8346-C7A7AA46718F}.Release|x64.ActiveCfg = Release|Any CPU
		{D901C4EB-533B-4807-8346-C7A7AA46718F}.Release|x64.Build.0 = Release|Any CPU
		{D901C4EB-533B-4807-8346-C7A7AA46718F}.Release|x86.ActiveCfg = Release|Any CPU
		{D901C4EB-533B-4807-8346-C7A7AA46718F}.Release|x86.Build.0 = Release|Any CPU
		{61566F9E-EEF9-490A-B7C0-30C4B0043E66}.Debug|Any CPU.ActiveCfg = Debug|Any CPU
		{61566F9E-EEF9-490A-B7C0-30C4B0043E66}.Debug|Any CPU.Build.0 = Debug|Any CPU
		{61566F9E-EEF9-490A-B7C0-30C4B0043E66}.Debug|x64.ActiveCfg = Debug|Any CPU
		{61566F9E-EEF9-490A-B7C0-30C4B0043E66}.Debug|x64.Build.0 = Debug|Any CPU
		{61566F9E-EEF9-490A-B7C0-30C4B0043E66}.Debug|x86.ActiveCfg = Debug|Any CPU
		{61566F9E-EEF9-490A-B7C0-30C4B0043E66}.Debug|x86.Build.0 = Debug|Any CPU
		{61566F9E-EEF9-490A-B7C0-30C4B0043E66}.Release|Any CPU.ActiveCfg = Release|Any CPU
		{61566F9E-EEF9-490A-B7C0-30C4B0043E66}.Release|Any CPU.Build.0 = Release|Any CPU
		{61566F9E-EEF9-490A-B7C0-30C4B0043E66}.Release|x64.ActiveCfg = Release|Any CPU
		{61566F9E-EEF9-490A-B7C0-30C4B0043E66}.Release|x64.Build.0 = Release|Any CPU
		{61566F9E-EEF9-490A-B7C0-30C4B0043E66}.Release|x86.ActiveCfg = Release|Any CPU
		{61566F9E-EEF9-490A-B7C0-30C4B0043E66}.Release|x86.Build.0 = Release|Any CPU
	EndGlobalSection
	GlobalSection(SolutionProperties) = preSolution
		HideSolutionNode = FALSE
	EndGlobalSection
	GlobalSection(NestedProjects) = preSolution
		{20AA52E2-B405-442F-A10B-BC848319D3E8} = {F3CF8856-0240-43A8-9B2E-1D4E3BDC26EA}
		{646C3272-ED34-4AAF-BB85-8BA65E357C97} = {C242D802-3EF0-456E-9E8E-ACDE5C662905}
		{99F5E7EF-3EE9-49D2-852A-9A96180820C8} = {F709FA06-511E-4706-8191-196802BA93D0}
		{E571CF81-D6B7-4F64-87D3-2AB909C5A7EB} = {10725560-AE2E-45BB-A66C-8AA71C154C73}
		{ABC56CA2-37AA-4E59-BBE6-377EBC9B3C96} = {C242D802-3EF0-456E-9E8E-ACDE5C662905}
		{D901C4EB-533B-4807-8346-C7A7AA46718F} = {ABC56CA2-37AA-4E59-BBE6-377EBC9B3C96}
		{8502F25C-7871-420C-A428-736CD9BBE615} = {F709FA06-511E-4706-8191-196802BA93D0}
		{61566F9E-EEF9-490A-B7C0-30C4B0043E66} = {8502F25C-7871-420C-A428-736CD9BBE615}
	EndGlobalSection
	GlobalSection(ExtensibilityGlobals) = postSolution
		SolutionGuid = {0FF83ED9-AD6E-476D-82C6-C528A2FDA704}
	EndGlobalSection
EndGlobal
